
Microsoft Visual Studio Solution File, Format Version 12.00
# Visual Studio 15
Project("{FAE04EC0-301F-11D3-BF4B-00C04F79EFBC}") = "Assembly-CSharp", "Assembly-CSharp.csproj", "{AA5CD7FC-3D60-F209-0BB0-5836A84E348A}"
EndProject
Global
	GlobalSection(SolutionConfigurationPlatforms) = preSolution
		Debug|Any CPU = Debug|Any CPU
		Release|Any CPU = Release|Any CPU
	EndGlobalSection
	GlobalSection(ProjectConfigurationPlatforms) = postSolution
		{AA5CD7FC-3D60-F209-0BB0-5836A84E348A}.Debug|Any CPU.ActiveCfg = Debug|Any CPU
		{AA5CD7FC-3D60-F209-0BB0-5836A84E348A}.Debug|Any CPU.Build.0 = Debug|Any CPU
		{AA5CD7FC-3D60-F209-0BB0-5836A84E348A}.Release|Any CPU.ActiveCfg = Release|Any CPU
		{AA5CD7FC-3D60-F209-0BB0-5836A84E348A}.Release|Any CPU.Build.0 = Release|Any CPU
	EndGlobalSection
	GlobalSection(SolutionProperties) = preSolution
		HideSolutionNode = FALSE
	EndGlobalSection
EndGlobal
